# This file is generated by running "yarn install" inside your project.
# Manual changes might be lost - proceed with caution!

__metadata:
  version: 10
  cacheKey: 10

"@babel/code-frame@npm:^7.0.0":
  version: 7.29.7
  resolution: "@babel/code-frame@npm:7.29.7"
  dependencies:
    "@babel/helper-validator-identifier": "npm:^7.29.7"
    js-tokens: "npm:^4.0.0"
    picocolors: "npm:^1.1.1"
  checksum: 10/84da552e51a55795a50b3589116edb2f9e368a647d266380683775f18effd9acd4521b0246bebd0b049a7f32af1f87b1e8475d3bcb665f876bd04ade8da99697
  languageName: node
  linkType: hard

"@babel/helper-validator-identifier@npm:^7.29.7":
  version: 7.29.7
  resolution: "@babel/helper-validator-identifier@npm:7.29.7"
  checksum: 10/2efa42701eb05babf26dff3332109c9e5e1a3400a71fb9e68ee27af28235036a2a72c2494c04bdab3f909075f42a58b2e8271074372bc7f8e79ec02bd364d7a7
  languageName: node
  linkType: hard

"@commitlint/cli@npm:^21.0.2":
  version: 21.0.2
  resolution: "@commitlint/cli@npm:21.0.2"
  dependencies:
    "@commitlint/format": "npm:^21.0.1"
    "@commitlint/lint": "npm:^21.0.2"
    "@commitlint/load": "npm:^21.0.2"
    "@commitlint/read": "npm:^21.0.2"
    "@commitlint/types": "npm:^21.0.1"
    tinyexec: "npm:^1.0.0"
    yargs: "npm:^18.0.0"
  bin:
    commitlint: cli.js
  checksum: 10/70a46f3eb13ab1cb315ed03fc1faad8b452de280c677b1116fb240561ae3a70a982a7a9aee2073ddff39a004f991d5fdcebc71ccd0c8591e6ebf155afa4e8140
  languageName: node
  linkType: hard

"@commitlint/config-conventional@npm:^21.0.2":
  version: 21.0.2
  resolution: "@commitlint/config-conventional@npm:21.0.2"
  dependencies:
    "@commitlint/types": "npm:^21.0.1"
    conventional-changelog-conventionalcommits: "npm:^9.2.0"
  checksum: 10/7eba44bf097c60a9be5c041b474af466f8060089d0a6fa0056a33bb2b41b2f6193b977a0f677ab8febf16fc1786d3c4465e6d420d8a7520cda509bd6d1b57b51
  languageName: node
  linkType: hard

"@commitlint/config-validator@npm:^21.0.1":
  version: 21.0.1
  resolution: "@commitlint/config-validator@npm:21.0.1"
  dependencies:
    "@commitlint/types": "npm:^21.0.1"
    ajv: "npm:^8.11.0"
  checksum: 10/28347e5dbe73e1966b7fde96fe7e9aac5b09d2bba78848e00d537f7b5c9a7844536d51381f9fc3fdd0ab080d24d3deaf8a68c6f4cdf34c98cdbf5ecf6ece1505
  languageName: node
  linkType: hard

"@commitlint/ensure@npm:^21.0.1":
  version: 21.0.1
  resolution: "@commitlint/ensure@npm:21.0.1"
  dependencies:
    "@commitlint/types": "npm:^21.0.1"
    es-toolkit: "npm:^1.46.0"
  checksum: 10/93996c5bc2bcd82dda83d9f45476111f15ccd60bb794af65e3fdfa7ef5adcbc60d5383f0b13687c7adb04e68097eedcb9fc3c68e28937f6ae4d8ab4f54c66156
  languageName: node
  linkType: hard

"@commitlint/execute-rule@npm:^21.0.1":
  version: 21.0.1
  resolution: "@commitlint/execute-rule@npm:21.0.1"
  checksum: 10/95ac27ae4920db0bd6d3c403ba396ab8dec425ddd0f9c033de911f1702f8f6c1a4099cfc3684803120537826a89467e0ec615f577ab65cd7fad2d0fef3accde2
  languageName: node
  linkType: hard

"@commitlint/format@npm:^21.0.1":
  version: 21.0.1
  resolution: "@commitlint/format@npm:21.0.1"
  dependencies:
    "@commitlint/types": "npm:^21.0.1"
    picocolors: "npm:^1.1.1"
  checksum: 10/dafa8a1bc28fba4911ceef7ddd2e6c2291cc8c57cad8e6836f269ff86edc561d2add667fab3eee6855cf194bc31d26d0122f9d04007f7ed66bc5b4c7c913f037
  languageName: node
  linkType: hard

"@commitlint/is-ignored@npm:^21.0.2":
  version: 21.0.2
  resolution: "@commitlint/is-ignored@npm:21.0.2"
  dependencies:
    "@commitlint/types": "npm:^21.0.1"
    semver: "npm:^7.6.0"
  checksum: 10/9ecfa4fe1d7dd73434f678f2e366d33e8d93213d63e5622d59d2216a25f82c1c89216ff747a02aa9f4edf6005ac15a022d3dbf1fd9553a35a67cb0fcb4b00ea4
  languageName: node
  linkType: hard

"@commitlint/lint@npm:^21.0.2":
  version: 21.0.2
  resolution: "@commitlint/lint@npm:21.0.2"
  dependencies:
    "@commitlint/is-ignored": "npm:^21.0.2"
    "@commitlint/parse": "npm:^21.0.2"
    "@commitlint/rules": "npm:^21.0.2"
    "@commitlint/types": "npm:^21.0.1"
  checksum: 10/4b13a3aaa4110343786d4a4aa99cd999a6c6768023ecde5a33a58c43d79a13f801037ef5a8ea93277f7b0ebd39298fa9c4880b477917f181ca98ba07a2c91aca
  languageName: node
  linkType: hard

"@commitlint/load@npm:^21.0.2":
  version: 21.0.2
  resolution: "@commitlint/load@npm:21.0.2"
  dependencies:
    "@commitlint/config-validator": "npm:^21.0.1"
    "@commitlint/execute-rule": "npm:^21.0.1"
    "@commitlint/resolve-extends": "npm:^21.0.1"
    "@commitlint/types": "npm:^21.0.1"
    cosmiconfig: "npm:^9.0.1"
    cosmiconfig-typescript-loader: "npm:^6.1.0"
    es-toolkit: "npm:^1.46.0"
    is-plain-obj: "npm:^4.1.0"
    picocolors: "npm:^1.1.1"
  checksum: 10/926bd4cfbcc520e34afdb6ee2c8f7f3cff6aeb537d3206ad289d965b9d215183d805b54b36798359e658d4630f7087e81edcddff35401c39abc76e77e9a85071
  languageName: node
  linkType: hard

"@commitlint/message@npm:^21.0.2":
  version: 21.0.2
  resolution: "@commitlint/message@npm:21.0.2"
  checksum: 10/316ea1dabbdc51accb9a247cf18d9820c62d9de0b15a93c66bd840a78ff60bdfa118e729e993a93de4a4b8b4b0595ff6aeb0f22ccf0ef303b9d80dbedaa8f02e
  languageName: node
  linkType: hard

"@commitlint/parse@npm:^21.0.2":
  version: 21.0.2
  resolution: "@commitlint/parse@npm:21.0.2"
  dependencies:
    "@commitlint/types": "npm:^21.0.1"
    conventional-changelog-angular: "npm:^8.2.0"
    conventional-commits-parser: "npm:^6.3.0"
  checksum: 10/4394b8da776f11f2bff07435641c71fd8481055d43805430b3f2678cbf4cca2cf52333b4e080e606e791ceff165844da36f48da7346ca5518f96ec18cba93bd2
  languageName: node
  linkType: hard

"@commitlint/read@npm:^21.0.2":
  version: 21.0.2
  resolution: "@commitlint/read@npm:21.0.2"
  dependencies:
    "@commitlint/top-level": "npm:^21.0.2"
    "@commitlint/types": "npm:^21.0.1"
    git-raw-commits: "npm:^5.0.0"
    tinyexec: "npm:^1.0.0"
  checksum: 10/72281a9597cc8bc2d370bf1d53dc0e32e89a9fc288bc2024fb0dec410471b3973b6837c8e5da25a94432b31d45c6dc44f78d73fa9d37b82da940a6de986f6b70
  languageName: node
  linkType: hard

"@commitlint/resolve-extends@npm:^21.0.1":
  version: 21.0.1
  resolution: "@commitlint/resolve-extends@npm:21.0.1"
  dependencies:
    "@commitlint/config-validator": "npm:^21.0.1"
    "@commitlint/types": "npm:^21.0.1"
    es-toolkit: "npm:^1.46.0"
    global-directory: "npm:^5.0.0"
    resolve-from: "npm:^5.0.0"
  checksum: 10/55f8e06e7e652dddf89b00420bdde713cec9f900484d37dbe65edbed319ffd3ec644765c9d9aef582e191b4b99d318cdbbb101cf471f474dc5d18ff2f07068f4
  languageName: node
  linkType: hard

"@commitlint/rules@npm:^21.0.2":
  version: 21.0.2
  resolution: "@commitlint/rules@npm:21.0.2"
  dependencies:
    "@commitlint/ensure": "npm:^21.0.1"
    "@commitlint/message": "npm:^21.0.2"
    "@commitlint/to-lines": "npm:^21.0.1"
    "@commitlint/types": "npm:^21.0.1"
  checksum: 10/f3d9d8fbc8bafd64e8d6d3ec8210e6f404a5e19b30983e95348d20fd7b24fc20d7fda231acacdf8a4d9b1e82b8acbb30151095f022046c3518405c96d4a39f9b
  languageName: node
  linkType: hard

"@commitlint/to-lines@npm:^21.0.1":
  version: 21.0.1
  resolution: "@commitlint/to-lines@npm:21.0.1"
  checksum: 10/4b4c432e547e687735d853ab23c629c03926311d3b1ae21d289e54d05ba4677123ccc5e382c94d289044d24d3c789e2cf56cf98e3458475524473b887f0a1f2c
  languageName: node
  linkType: hard

"@commitlint/top-level@npm:^21.0.2":
  version: 21.0.2
  resolution: "@commitlint/top-level@npm:21.0.2"
  dependencies:
    escalade: "npm:^3.2.0"
  checksum: 10/06725debfecda806bbe300247771daabcd2326e094dd0c4ac2c728ea1ac7703645b8960de68975a295258267bdbb29a1dc48c7b07a9c98759f73bb58f249dd03
  languageName: node
  linkType: hard

"@commitlint/types@npm:^21.0.1":
  version: 21.0.1
  resolution: "@commitlint/types@npm:21.0.1"
  dependencies:
    conventional-commits-parser: "npm:^6.3.0"
    picocolors: "npm:^1.1.1"
  checksum: 10/b82574ce2bf6455f8857e5df412170c9abd9bea4d0980f939ea5b762901fbb888fb51486a897e16f210d39edaa51c5b581dafd179f4519bc95178603bf4401d8
  languageName: node
  linkType: hard

"@conventional-changelog/git-client@npm:^2.6.0":
  version: 2.7.0
  resolution: "@conventional-changelog/git-client@npm:2.7.0"
  dependencies:
    "@simple-libs/child-process-utils": "npm:^1.0.0"
    "@simple-libs/stream-utils": "npm:^1.2.0"
    semver: "npm:^7.5.2"
  peerDependencies:
    conventional-commits-filter: ^5.0.0
    conventional-commits-parser: ^6.4.0
  peerDependenciesMeta:
    conventional-commits-filter:
      optional: true
    conventional-commits-parser:
      optional: true
  checksum: 10/d170ae97ce9771aa77c4ab66127ddbdd154e6b0801b3315d38f3a57bff2d515239140f0cdf0110641f732072493020ef281295209daf68601982b9675c23ba2f
  languageName: node
  linkType: hard

"@dispersiajs/dx@workspace:.":
  version: 0.0.0-use.local
  resolution: "@dispersiajs/dx@workspace:."
  dependencies:
    "@commitlint/cli": "npm:^21.0.2"
    "@commitlint/config-conventional": "npm:^21.0.2"
    husky: "npm:^9.1.7"
    lint-staged: "npm:^17.0.7"
    prettier: "npm:^3.8.4"
    prettier-plugin-sh: "npm:^0.18.1"
    yaml: "npm:^2.9.0"
  languageName: unknown
  linkType: soft

"@reteps/dockerfmt@npm:^0.5.1":
  version: 0.5.2
  resolution: "@reteps/dockerfmt@npm:0.5.2"
  checksum: 10/402290057eb259b9f00f80c8c67ef514aab9ea4b50d6342715f7fd432f1371720e71bd7ef652bd08605a46f982e6391a4b37f79e063243e3b202d604fa32c3e4
  languageName: node
  linkType: hard

"@simple-libs/child-process-utils@npm:^1.0.0":
  version: 1.0.2
  resolution: "@simple-libs/child-process-utils@npm:1.0.2"
  dependencies:
    "@simple-libs/stream-utils": "npm:^1.2.0"
  checksum: 10/87c6db43110cad05dad892e46922b60740ce94742e1ef48190246a5fb4a0302a18a698a5b1b959b89f4d1e53767a310d0c9c9583ba48d2dbe93340fc5e0820f8
  languageName: node
  linkType: hard

"@simple-libs/stream-utils@npm:^1.2.0":
  version: 1.2.0
  resolution: "@simple-libs/stream-utils@npm:1.2.0"
  checksum: 10/80a2602f0e96515cab1f4ab054dccd0ee570b0a0b1722189d29fe2625e96a63b83c87486259268101b8b15a77a129aaca22bf480cf111e0910650af0820d26ee
  languageName: node
  linkType: hard

"ajv@npm:^8.11.0":
  version: 8.20.0
  resolution: "ajv@npm:8.20.0"
  dependencies:
    fast-deep-equal: "npm:^3.1.3"
    fast-uri: "npm:^3.0.1"
    json-schema-traverse: "npm:^1.0.0"
    require-from-string: "npm:^2.0.2"
  checksum: 10/5ce59c0537f4c2aca9a758b412659ec70acb4d5dde971c10ecf21d2e3d799f99acdb4a08e1f5fb2e067c8542930398aae793bb996bb07d3feb81dae22fe2ada9
  languageName: node
  linkType: hard

"ansi-escapes@npm:^7.0.0":
  version: 7.3.0
  resolution: "ansi-escapes@npm:7.3.0"
  dependencies:
    environment: "npm:^1.0.0"
  checksum: 10/189e23e75aacf00ee647ba0545687456cc4bc62547dd0cf6c7728f91fce88854c8e885d5819a278b39981bb846d9427693d2380c562aecdb0cf91d3342141e93
  languageName: node
  linkType: hard

"ansi-regex@npm:^6.2.2":
  version: 6.2.2
  resolution: "ansi-regex@npm:6.2.2"
  checksum: 10/9b17ce2c6daecc75bcd5966b9ad672c23b184dc3ed9bf3c98a0702f0d2f736c15c10d461913568f2cf527a5e64291c7473358885dd493305c84a1cfed66ba94f
  languageName: node
  linkType: hard

"ansi-styles@npm:^6.2.1, ansi-styles@npm:^6.2.3":
  version: 6.2.3
  resolution: "ansi-styles@npm:6.2.3"
  checksum: 10/c49dad7639f3e48859bd51824c93b9eb0db628afc243c51c3dd2410c4a15ede1a83881c6c7341aa2b159c4f90c11befb38f2ba848c07c66c9f9de4bcd7cb9f30
  languageName: node
  linkType: hard

"argparse@npm:^2.0.1":
  version: 2.0.1
  resolution: "argparse@npm:2.0.1"
  checksum: 10/18640244e641a417ec75a9bd38b0b2b6b95af5199aa241b131d4b2fb206f334d7ecc600bd194861610a5579084978bfcbb02baa399dbe442d56d0ae5e60dbaef
  languageName: node
  linkType: hard

"array-ify@npm:^1.0.0":
  version: 1.0.0
  resolution: "array-ify@npm:1.0.0"
  checksum: 10/c0502015b319c93dd4484f18036bcc4b654eb76a4aa1f04afbcef11ac918859bb1f5d71ba1f0f1141770db9eef1a4f40f1761753650873068010bbf7bcdae4a4
  languageName: node
  linkType: hard

"callsites@npm:^3.0.0":
  version: 3.1.0
  resolution: "callsites@npm:3.1.0"
  checksum: 10/072d17b6abb459c2ba96598918b55868af677154bec7e73d222ef95a8fdb9bbf7dae96a8421085cdad8cd190d86653b5b6dc55a4484f2e5b2e27d5e0c3fc15b3
  languageName: node
  linkType: hard

"cli-cursor@npm:^5.0.0":
  version: 5.0.0
  resolution: "cli-cursor@npm:5.0.0"
  dependencies:
    restore-cursor: "npm:^5.0.0"
  checksum: 10/1eb9a3f878b31addfe8d82c6d915ec2330cec8447ab1f117f4aa34f0137fbb3137ec3466e1c9a65bcb7557f6e486d343f2da57f253a2f668d691372dfa15c090
  languageName: node
  linkType: hard

"cli-truncate@npm:^5.2.0":
  version: 5.2.0
  resolution: "cli-truncate@npm:5.2.0"
  dependencies:
    slice-ansi: "npm:^8.0.0"
    string-width: "npm:^8.2.0"
  checksum: 10/b789b6c2caff1560259aedeb6aaafcf41167d478df418d718a8c92edd6bc5a0ece272b8fb7e7911fbd31cef7b1ac8a30f2b21d90c3174b55a018fe3f2604a137
  languageName: node
  linkType: hard

"cliui@npm:^9.0.1":
  version: 9.0.1
  resolution: "cliui@npm:9.0.1"
  dependencies:
    string-width: "npm:^7.2.0"
    strip-ansi: "npm:^7.1.0"
    wrap-ansi: "npm:^9.0.0"
  checksum: 10/df43d8d1c6e3254cbb64b1905310d5f6672c595496a3cbe76946c6d24777136886470686f2772ac9edfe547a74bb70e8017530b3554715aee119efd7752fc0d9
  languageName: node
  linkType: hard

"compare-func@npm:^2.0.0":
  version: 2.0.0
  resolution: "compare-func@npm:2.0.0"
  dependencies:
    array-ify: "npm:^1.0.0"
    dot-prop: "npm:^5.1.0"
  checksum: 10/fb71d70632baa1e93283cf9d80f30ac97f003aabee026e0b4426c9716678079ef5fea7519b84d012cbed938c476493866a38a79760564a9e21ae9433e40e6f0d
  languageName: node
  linkType: hard

"conventional-changelog-angular@npm:^8.2.0":
  version: 8.3.1
  resolution: "conventional-changelog-angular@npm:8.3.1"
  dependencies:
    compare-func: "npm:^2.0.0"
  checksum: 10/c9f32ddcc2095fa8b60f1f623fe5c49e0d16a2d83060a1c35990400da40b1cd3e765878f0333f4e0cff4f89c3a0bf63edc47e38aba5470a6334cfea2f7e5731c
  languageName: node
  linkType: hard

"conventional-changelog-conventionalcommits@npm:^9.2.0":
  version: 9.3.1
  resolution: "conventional-changelog-conventionalcommits@npm:9.3.1"
  dependencies:
    compare-func: "npm:^2.0.0"
  checksum: 10/6b924adcf31d36cbe1442f5c2d29dad345666bea9e805d8af6bfa28ab694e93abbdcb2462716b2a993f6eabf1d4bdc45209076249bd4825f5513ff061a99a4a2
  languageName: node
  linkType: hard

"conventional-commits-parser@npm:^6.3.0":
  version: 6.4.0
  resolution: "conventional-commits-parser@npm:6.4.0"
  dependencies:
    "@simple-libs/stream-utils": "npm:^1.2.0"
    meow: "npm:^13.0.0"
  bin:
    conventional-commits-parser: dist/cli/index.js
  checksum: 10/0caf5e3595cace090ab7724c1442de6b2e00d82faf90762331b5421cd8a056407f0ce99a6c4b4eb47833a26bd8ad25ac5a331e2ebbce2a819143450053ef6d0d
  languageName: node
  linkType: hard

"cosmiconfig-typescript-loader@npm:^6.1.0":
  version: 6.3.0
  resolution: "cosmiconfig-typescript-loader@npm:6.3.0"
  dependencies:
    jiti: "npm:2.6.1"
  peerDependencies:
    "@types/node": "*"
    cosmiconfig: ">=9"
    typescript: ">=5"
  checksum: 10/f739eea7187b50f4c61f7a421d0c73dfc3c0e59f24832bb40fbef6b921833823c7b9a14266fdb276e4c1d5299383b2fb2039ce6e28880a47bf80521976ff8d53
  languageName: node
  linkType: hard

"cosmiconfig@npm:^9.0.1":
  version: 9.0.2
  resolution: "cosmiconfig@npm:9.0.2"
  dependencies:
    env-paths: "npm:^2.2.1"
    import-fresh: "npm:^3.3.0"
    js-yaml: "npm:^4.1.0"
    parse-json: "npm:^5.2.0"
  peerDependencies:
    typescript: ">=4.9.5"
  peerDependenciesMeta:
    typescript:
      optional: true
  checksum: 10/e7b08c9c6ed862852bf0ed88c8fa49c57276d976901c9332c87d831926f332c32df3f5ff6a87f3823c3b7c5d6f857a7fd34336e0c2c596fa2d73e6cccbb7bf58
  languageName: node
  linkType: hard

"dot-prop@npm:^5.1.0":
  version: 5.3.0
  resolution: "dot-prop@npm:5.3.0"
  dependencies:
    is-obj: "npm:^2.0.0"
  checksum: 10/33b2561617bd5c73cf9305368ba4638871c5dbf9c8100c8335acd2e2d590a81ec0e75c11cfaea5cc3cf8c2f668cad4beddb52c11856d0c9e666348eee1baf57a
  languageName: node
  linkType: hard

"emoji-regex@npm:^10.3.0":
  version: 10.6.0
  resolution: "emoji-regex@npm:10.6.0"
  checksum: 10/98cc0b0e1daed1ed25afbf69dcb921fee00f712f51aab93aa1547e4e4e8171725cc4f0098aaa645b4f611a19da11ec9f4623eb6ff2b72314b39a8f2ae7c12bf2
  languageName: node
  linkType: hard

"env-paths@npm:^2.2.1":
  version: 2.2.1
  resolution: "env-paths@npm:2.2.1"
  checksum: 10/65b5df55a8bab92229ab2b40dad3b387fad24613263d103a97f91c9fe43ceb21965cd3392b1ccb5d77088021e525c4e0481adb309625d0cb94ade1d1fb8dc17e
  languageName: node
  linkType: hard

"environment@npm:^1.0.0":
  version: 1.1.0
  resolution: "environment@npm:1.1.0"
  checksum: 10/dd3c1b9825e7f71f1e72b03c2344799ac73f2e9ef81b78ea8b373e55db021786c6b9f3858ea43a436a2c4611052670ec0afe85bc029c384cc71165feee2f4ba6
  languageName: node
  linkType: hard

"error-ex@npm:^1.3.1":
  version: 1.3.4
  resolution: "error-ex@npm:1.3.4"
  dependencies:
    is-arrayish: "npm:^0.2.1"
  checksum: 10/ae3939fd4a55b1404e877df2080c6b59acc516d5b7f08a181040f78f38b4e2399633bfed2d9a21b91c803713fff7295ac70bebd8f3657ef352a95c2cd9aa2e4b
  languageName: node
  linkType: hard

"es-toolkit@npm:^1.46.0":
  version: 1.47.1
  resolution: "es-toolkit@npm:1.47.1"
  dependenciesMeta:
    "@trivago/prettier-plugin-sort-imports@4.3.0":
      unplugged: true
    prettier-plugin-sort-re-exports@0.0.1:
      unplugged: true
    vitepress-plugin-sandpack@1.1.4:
      unplugged: true
  checksum: 10/d98305a8298a6fa7e478fbcc1f25a05314080cc83af9baea473da0f6de0b0c67a36081ba98247eb0baa01608e4a8f69f1d6da56a7c02fc6a308a55ede2f11b96
  languageName: node
  linkType: hard

"escalade@npm:^3.1.1, escalade@npm:^3.2.0":
  version: 3.2.0
  resolution: "escalade@npm:3.2.0"
  checksum: 10/9d7169e3965b2f9ae46971afa392f6e5a25545ea30f2e2dd99c9b0a95a3f52b5653681a84f5b2911a413ddad2d7a93d3514165072f349b5ffc59c75a899970d6
  languageName: node
  linkType: hard

"eventemitter3@npm:^5.0.4":
  version: 5.0.4
  resolution: "eventemitter3@npm:5.0.4"
  checksum: 10/54f5c8c543650d65f92d03dbef1bb73a682a920490c44699ad8f863a6b19bbca42fb7409aa09ca09cb98a44149d9a7bc1dffd55ca88a740bd928c7be0ad666a0
  languageName: node
  linkType: hard

"fast-deep-equal@npm:^3.1.3":
  version: 3.1.3
  resolution: "fast-deep-equal@npm:3.1.3"
  checksum: 10/e21a9d8d84f53493b6aa15efc9cfd53dd5b714a1f23f67fb5dc8f574af80df889b3bce25dc081887c6d25457cce704e636395333abad896ccdec03abaf1f3f9d
  languageName: node
  linkType: hard

"fast-uri@npm:^3.0.1":
  version: 3.1.2
  resolution: "fast-uri@npm:3.1.2"
  checksum: 10/1dff04865b2a38d3e0659deadfbf72efdf83a776bfbf9667e4aa9e5a3ec31bc341cda9622136b32b7652a857c8ba11896794186e8f876f8b2b72731fce8622f6
  languageName: node
  linkType: hard

"get-caller-file@npm:^2.0.5":
  version: 2.0.5
  resolution: "get-caller-file@npm:2.0.5"
  checksum: 10/b9769a836d2a98c3ee734a88ba712e62703f1df31b94b784762c433c27a386dd6029ff55c2a920c392e33657d80191edbf18c61487e198844844516f843496b9
  languageName: node
  linkType: hard

"get-east-asian-width@npm:^1.0.0, get-east-asian-width@npm:^1.3.1, get-east-asian-width@npm:^1.5.0":
  version: 1.6.0
  resolution: "get-east-asian-width@npm:1.6.0"
  checksum: 10/3e5370b5df1f0020db711d8a3f9ee2cbfc9c7542daa99a699e9d7b9acf66e7868b89084741565a45d30d80afedf6e1218e0fb8bef7a583924a449c2816777380
  languageName: node
  linkType: hard

"git-raw-commits@npm:^5.0.0":
  version: 5.0.1
  resolution: "git-raw-commits@npm:5.0.1"
  dependencies:
    "@conventional-changelog/git-client": "npm:^2.6.0"
    meow: "npm:^13.0.0"
  bin:
    git-raw-commits: src/cli.js
  checksum: 10/15073e815e6deabcaf28077ea93d8aad3b3062e6bff6a66e71e096c63cb0c6eb2a1e480be7dac9b99789c04bbf77805a0d555465457680e50946074ff408deb9
  languageName: node
  linkType: hard

"global-directory@npm:^5.0.0":
  version: 5.0.0
  resolution: "global-directory@npm:5.0.0"
  dependencies:
    ini: "npm:6.0.0"
  checksum: 10/90b61b09736a8c6fea010e87bf42cefefe534ce6d5c21c09ab9eb06edc0082dfc41edf0d31da5f7355e9a07eae9c5238d4ecc01ac425d8456cbce9bd1b292dc2
  languageName: node
  linkType: hard

"husky@npm:^9.1.7":
  version: 9.1.7
  resolution: "husky@npm:9.1.7"
  bin:
    husky: bin.js
  checksum: 10/c2412753f15695db369634ba70f50f5c0b7e5cb13b673d0826c411ec1bd9ddef08c1dad89ea154f57da2521d2605bd64308af748749b27d08c5f563bcd89975f
  languageName: node
  linkType: hard

"import-fresh@npm:^3.3.0":
  version: 3.3.1
  resolution: "import-fresh@npm:3.3.1"
  dependencies:
    parent-module: "npm:^1.0.0"
    resolve-from: "npm:^4.0.0"
  checksum: 10/a06b19461b4879cc654d46f8a6244eb55eb053437afd4cbb6613cad6be203811849ed3e4ea038783092879487299fda24af932b86bdfff67c9055ba3612b8c87
  languageName: node
  linkType: hard

"ini@npm:6.0.0":
  version: 6.0.0
  resolution: "ini@npm:6.0.0"
  checksum: 10/e87d8cde86d091ddb104580d42dfdc8306593627269990ca0f5176ccc60c936268bad56856398fef924cdf0af33b1a9c21e84f85914820037e003ee45443cc85
  languageName: node
  linkType: hard

"is-arrayish@npm:^0.2.1":
  version: 0.2.1
  resolution: "is-arrayish@npm:0.2.1"
  checksum: 10/73ced84fa35e59e2c57da2d01e12cd01479f381d7f122ce41dcbb713f09dbfc651315832cd2bf8accba7681a69e4d6f1e03941d94dd10040d415086360e7005e
  languageName: node
  linkType: hard

"is-fullwidth-code-point@npm:^5.0.0, is-fullwidth-code-point@npm:^5.1.0":
  version: 5.1.0
  resolution: "is-fullwidth-code-point@npm:5.1.0"
  dependencies:
    get-east-asian-width: "npm:^1.3.1"
  checksum: 10/4700d8a82cb71bd2a2955587b2823c36dc4660eadd4047bfbd070821ddbce8504fc5f9b28725567ecddf405b1e06c6692c9b719f65df6af9ec5262bc11393a6a
  languageName: node
  linkType: hard

"is-obj@npm:^2.0.0":
  version: 2.0.0
  resolution: "is-obj@npm:2.0.0"
  checksum: 10/c9916ac8f4621962a42f5e80e7ffdb1d79a3fab7456ceaeea394cd9e0858d04f985a9ace45be44433bf605673c8be8810540fe4cc7f4266fc7526ced95af5a08
  languageName: node
  linkType: hard

"is-plain-obj@npm:^4.1.0":
  version: 4.1.0
  resolution: "is-plain-obj@npm:4.1.0"
  checksum: 10/6dc45da70d04a81f35c9310971e78a6a3c7a63547ef782e3a07ee3674695081b6ca4e977fbb8efc48dae3375e0b34558d2bcd722aec9bddfa2d7db5b041be8ce
  languageName: node
  linkType: hard

"jiti@npm:2.6.1":
  version: 2.6.1
  resolution: "jiti@npm:2.6.1"
  bin:
    jiti: lib/jiti-cli.mjs
  checksum: 10/8cd72c5fd03a0502564c3f46c49761090f6dadead21fa191b73535724f095ad86c2fa89ee6fe4bc3515337e8d406cc8fb2d37b73fa0c99a34584bac35cd4a4de
  languageName: node
  linkType: hard

"js-tokens@npm:^4.0.0":
  version: 4.0.0
  resolution: "js-tokens@npm:4.0.0"
  checksum: 10/af37d0d913fb56aec6dc0074c163cc71cd23c0b8aad5c2350747b6721d37ba118af35abdd8b33c47ec2800de07dedb16a527ca9c530ee004093e04958bd0cbf2
  languageName: node
  linkType: hard

"js-yaml@npm:^4.1.0":
  version: 4.2.0
  resolution: "js-yaml@npm:4.2.0"
  dependencies:
    argparse: "npm:^2.0.1"
  bin:
    js-yaml: bin/js-yaml.js
  checksum: 10/51de2067a2b44b07ba5206132e56005f8b568ff279bb4d2f645068958c56fa4827d40a6841c983234671fa0a134bf094d0b0717873c2a3d319185297af145a6d
  languageName: node
  linkType: hard

"json-parse-even-better-errors@npm:^2.3.0":
  version: 2.3.1
  resolution: "json-parse-even-better-errors@npm:2.3.1"
  checksum: 10/5f3a99009ed5f2a5a67d06e2f298cc97bc86d462034173308156f15b43a6e850be8511dc204b9b94566305da2947f7d90289657237d210351a39059ff9d666cf
  languageName: node
  linkType: hard

"json-schema-traverse@npm:^1.0.0":
  version: 1.0.0
  resolution: "json-schema-traverse@npm:1.0.0"
  checksum: 10/02f2f466cdb0362558b2f1fd5e15cce82ef55d60cd7f8fa828cf35ba74330f8d767fcae5c5c2adb7851fa811766c694b9405810879bc4e1ddd78a7c0e03658ad
  languageName: node
  linkType: hard

"lines-and-columns@npm:^1.1.6":
  version: 1.2.4
  resolution: "lines-and-columns@npm:1.2.4"
  checksum: 10/0c37f9f7fa212b38912b7145e1cd16a5f3cd34d782441c3e6ca653485d326f58b3caccda66efce1c5812bde4961bbde3374fae4b0d11bf1226152337f3894aa5
  languageName: node
  linkType: hard

"lint-staged@npm:^17.0.7":
  version: 17.0.7
  resolution: "lint-staged@npm:17.0.7"
  dependencies:
    listr2: "npm:^10.2.1"
    picomatch: "npm:^4.0.4"
    string-argv: "npm:^0.3.2"
    tinyexec: "npm:^1.2.4"
    yaml: "npm:^2.9.0"
  dependenciesMeta:
    yaml:
      optional: true
  bin:
    lint-staged: bin/lint-staged.js
  checksum: 10/4ed3cd01caa78ff5cc5da7ec69f77f091c43a0d5cbb1e084f7ffd3872a9e599675fb8b5f11fd5911faee0d330952889dd0e14378a26620d8f529eae401ce49b4
  languageName: node
  linkType: hard

"listr2@npm:^10.2.1":
  version: 10.2.1
  resolution: "listr2@npm:10.2.1"
  dependencies:
    cli-truncate: "npm:^5.2.0"
    eventemitter3: "npm:^5.0.4"
    log-update: "npm:^6.1.0"
    rfdc: "npm:^1.4.1"
    wrap-ansi: "npm:^10.0.0"
  checksum: 10/19f6356e6e2b56d6d3be30e3cf3ac511a8c081b5dac75c3c1e26cf52e07a7c59b63c1380862f3df2807b2284f8fa00864527777b6fcdb07be4c3f116947dee0d
  languageName: node
  linkType: hard

"log-update@npm:^6.1.0":
  version: 6.1.0
  resolution: "log-update@npm:6.1.0"
  dependencies:
    ansi-escapes: "npm:^7.0.0"
    cli-cursor: "npm:^5.0.0"
    slice-ansi: "npm:^7.1.0"
    strip-ansi: "npm:^7.1.0"
    wrap-ansi: "npm:^9.0.0"
  checksum: 10/5abb4131e33b1e7f8416bb194fe17a3603d83e4657c5bf5bb81ce4187f3b00ea481643b85c3d5cefe6037a452cdcf7f1391ab8ea0d9c23e75d19589830ec4f11
  languageName: node
  linkType: hard

"meow@npm:^13.0.0":
  version: 13.2.0
  resolution: "meow@npm:13.2.0"
  checksum: 10/4eff5bc921fed0b8a471ad79069d741a0210036d717547d0c7f36fdaf84ef7a3036225f38b6a53830d84dc9cbf8b944b097fde62381b8b5b215119e735ce1063
  languageName: node
  linkType: hard

"mimic-function@npm:^5.0.0":
  version: 5.0.1
  resolution: "mimic-function@npm:5.0.1"
  checksum: 10/eb5893c99e902ccebbc267c6c6b83092966af84682957f79313311edb95e8bb5f39fb048d77132b700474d1c86d90ccc211e99bae0935447a4834eb4c882982c
  languageName: node
  linkType: hard

"onetime@npm:^7.0.0":
  version: 7.0.0
  resolution: "onetime@npm:7.0.0"
  dependencies:
    mimic-function: "npm:^5.0.0"
  checksum: 10/eb08d2da9339819e2f9d52cab9caf2557d80e9af8c7d1ae86e1a0fef027d00a88e9f5bd67494d350df360f7c559fbb44e800b32f310fb989c860214eacbb561c
  languageName: node
  linkType: hard

"parent-module@npm:^1.0.0":
  version: 1.0.1
  resolution: "parent-module@npm:1.0.1"
  dependencies:
    callsites: "npm:^3.0.0"
  checksum: 10/6ba8b255145cae9470cf5551eb74be2d22281587af787a2626683a6c20fbb464978784661478dd2a3f1dad74d1e802d403e1b03c1a31fab310259eec8ac560ff
  languageName: node
  linkType: hard

"parse-json@npm:^5.2.0":
  version: 5.2.0
  resolution: "parse-json@npm:5.2.0"
  dependencies:
    "@babel/code-frame": "npm:^7.0.0"
    error-ex: "npm:^1.3.1"
    json-parse-even-better-errors: "npm:^2.3.0"
    lines-and-columns: "npm:^1.1.6"
  checksum: 10/62085b17d64da57f40f6afc2ac1f4d95def18c4323577e1eced571db75d9ab59b297d1d10582920f84b15985cbfc6b6d450ccbf317644cfa176f3ed982ad87e2
  languageName: node
  linkType: hard

"picocolors@npm:^1.1.1":
  version: 1.1.1
  resolution: "picocolors@npm:1.1.1"
  checksum: 10/e1cf46bf84886c79055fdfa9dcb3e4711ad259949e3565154b004b260cd356c5d54b31a1437ce9782624bf766272fe6b0154f5f0c744fb7af5d454d2b60db045
  languageName: node
  linkType: hard

"picomatch@npm:^4.0.4":
  version: 4.0.4
  resolution: "picomatch@npm:4.0.4"
  checksum: 10/f6ef80a3590827ce20378ae110ac78209cc4f74d39236370f1780f957b7ee41c12acde0e4651b90f39983506fd2f5e449994716f516db2e9752924aff8de93ce
  languageName: node
  linkType: hard

"prettier-plugin-sh@npm:^0.18.1":
  version: 0.18.1
  resolution: "prettier-plugin-sh@npm:0.18.1"
  dependencies:
    "@reteps/dockerfmt": "npm:^0.5.1"
    sh-syntax: "npm:^0.5.8"
  peerDependencies:
    prettier: ^3.6.0
  checksum: 10/e4ffbff5c5c4821589ca3921596041b7d94ea6bd51593d8271680ce1d337ff6563623c37e326b799e08a8085184d1125a6369cccbc1106361aaee789565f3052
  languageName: node
  linkType: hard

"prettier@npm:^3.8.4":
  version: 3.8.4
  resolution: "prettier@npm:3.8.4"
  bin:
    prettier: bin/prettier.cjs
  checksum: 10/54684a3cc6689238692b29fab541c01934af7677be94c02293ba49981a1ac121c8bebe2a865f0c3b963e99d208f847c53aed354cc0ce8750e2d45791d64506c5
  languageName: node
  linkType: hard

"require-from-string@npm:^2.0.2":
  version: 2.0.2
  resolution: "require-from-string@npm:2.0.2"
  checksum: 10/839a3a890102a658f4cb3e7b2aa13a1f80a3a976b512020c3d1efc418491c48a886b6e481ea56afc6c4cb5eef678f23b2a4e70575e7534eccadf5e30ed2e56eb
  languageName: node
  linkType: hard

"resolve-from@npm:^4.0.0":
  version: 4.0.0
  resolution: "resolve-from@npm:4.0.0"
  checksum: 10/91eb76ce83621eea7bbdd9b55121a5c1c4a39e54a9ce04a9ad4517f102f8b5131c2cf07622c738a6683991bf54f2ce178f5a42803ecbd527ddc5105f362cc9e3
  languageName: node
  linkType: hard

"resolve-from@npm:^5.0.0":
  version: 5.0.0
  resolution: "resolve-from@npm:5.0.0"
  checksum: 10/be18a5e4d76dd711778664829841cde690971d02b6cbae277735a09c1c28f407b99ef6ef3cd585a1e6546d4097b28df40ed32c4a287b9699dcf6d7f208495e23
  languageName: node
  linkType: hard

"restore-cursor@npm:^5.0.0":
  version: 5.1.0
  resolution: "restore-cursor@npm:5.1.0"
  dependencies:
    onetime: "npm:^7.0.0"
    signal-exit: "npm:^4.1.0"
  checksum: 10/838dd54e458d89cfbc1a923b343c1b0f170a04100b4ce1733e97531842d7b440463967e521216e8ab6c6f8e89df877acc7b7f4c18ec76e99fb9bf5a60d358d2c
  languageName: node
  linkType: hard

"rfdc@npm:^1.4.1":
  version: 1.4.1
  resolution: "rfdc@npm:1.4.1"
  checksum: 10/2f3d11d3d8929b4bfeefc9acb03aae90f971401de0add5ae6c5e38fec14f0405e6a4aad8fdb76344bfdd20c5193110e3750cbbd28ba86d73729d222b6cf4a729
  languageName: node
  linkType: hard

"semver@npm:^7.5.2, semver@npm:^7.6.0":
  version: 7.8.4
  resolution: "semver@npm:7.8.4"
  bin:
    semver: bin/semver.js
  checksum: 10/a9c139031d4143932adfacfd2165d6489848c3b84c26d5fc2beef88c6d54c01191ef553e3f71049ccc47df85f0df30748907f84005f46f326095003171c5b673
  languageName: node
  linkType: hard

"sh-syntax@npm:^0.5.8":
  version: 0.5.8
  resolution: "sh-syntax@npm:0.5.8"
  dependencies:
    tslib: "npm:^2.8.1"
  checksum: 10/cbc046244b81a997f988f7f2244f953756332720c82054c22d4680d4eee5dc3c5058c9bd84c13b3e9c320ba25970a99e24be465cf265f41ef7cb4c4030cab6d1
  languageName: node
  linkType: hard

"signal-exit@npm:^4.1.0":
  version: 4.1.0
  resolution: "signal-exit@npm:4.1.0"
  checksum: 10/c9fa63bbbd7431066174a48ba2dd9986dfd930c3a8b59de9c29d7b6854ec1c12a80d15310869ea5166d413b99f041bfa3dd80a7947bcd44ea8e6eb3ffeabfa1f
  languageName: node
  linkType: hard

"slice-ansi@npm:^7.1.0":
  version: 7.1.2
  resolution: "slice-ansi@npm:7.1.2"
  dependencies:
    ansi-styles: "npm:^6.2.1"
    is-fullwidth-code-point: "npm:^5.0.0"
  checksum: 10/75f61e1285c294b18c88521a0cdb22cdcbe9b0fd5e8e26f649be804cc43122aa7751bd960a968e3ed7f5aa7f3c67ac605c939019eae916870ec288e878b6fafb
  languageName: node
  linkType: hard

"slice-ansi@npm:^8.0.0":
  version: 8.0.0
  resolution: "slice-ansi@npm:8.0.0"
  dependencies:
    ansi-styles: "npm:^6.2.3"
    is-fullwidth-code-point: "npm:^5.1.0"
  checksum: 10/6a7e146852047e26dd5857b35c767e52906549c580cce0ad2287cc32f54f5a582494f674817fc9ac21b2e4ac1ddeaa85b3dee409782681b465330278890c73a8
  languageName: node
  linkType: hard

"string-argv@npm:^0.3.2":
  version: 0.3.2
  resolution: "string-argv@npm:0.3.2"
  checksum: 10/f9d3addf887026b4b5f997a271149e93bf71efc8692e7dc0816e8807f960b18bcb9787b45beedf0f97ff459575ee389af3f189d8b649834cac602f2e857e75af
  languageName: node
  linkType: hard

"string-width@npm:^7.0.0, string-width@npm:^7.2.0":
  version: 7.2.0
  resolution: "string-width@npm:7.2.0"
  dependencies:
    emoji-regex: "npm:^10.3.0"
    get-east-asian-width: "npm:^1.0.0"
    strip-ansi: "npm:^7.1.0"
  checksum: 10/42f9e82f61314904a81393f6ef75b832c39f39761797250de68c041d8ba4df2ef80db49ab6cd3a292923a6f0f409b8c9980d120f7d32c820b4a8a84a2598a295
  languageName: node
  linkType: hard

"string-width@npm:^8.2.0":
  version: 8.2.1
  resolution: "string-width@npm:8.2.1"
  dependencies:
    get-east-asian-width: "npm:^1.5.0"
    strip-ansi: "npm:^7.1.2"
  checksum: 10/cfadcc454b357d1a2ef88afb85068c7605900c9920362a16df9b4c320cf411983cee51b9832b70772d138674c2851d506f39c7e669c961a1cdd1258207580805
  languageName: node
  linkType: hard

"strip-ansi@npm:^7.1.0, strip-ansi@npm:^7.1.2":
  version: 7.2.0
  resolution: "strip-ansi@npm:7.2.0"
  dependencies:
    ansi-regex: "npm:^6.2.2"
  checksum: 10/96da3bc6d73cfba1218625a3d66cf7d37a69bf0920d8735b28f9eeaafcdb6c1fe8440e1ae9eb1ba0ca355dbe8702da872e105e2e939fa93e7851b3cb5dd7d316
  languageName: node
  linkType: hard

"tinyexec@npm:^1.0.0, tinyexec@npm:^1.2.4":
  version: 1.2.4
  resolution: "tinyexec@npm:1.2.4"
  checksum: 10/f20b3e6f56f24c3ebe0129d0b6e657e561d225df2cf93c1a10362996232dd6ad4b8af8c9e81d258a64d09020e723772baf6fe0be26512dba7c61bb366d67b1f9
  languageName: node
  linkType: hard

"tslib@npm:^2.8.1":
  version: 2.8.1
  resolution: "tslib@npm:2.8.1"
  checksum: 10/3e2e043d5c2316461cb54e5c7fe02c30ef6dccb3384717ca22ae5c6b5bc95232a6241df19c622d9c73b809bea33b187f6dbc73030963e29950c2141bc32a79f7
  languageName: node
  linkType: hard

"wrap-ansi@npm:^10.0.0":
  version: 10.0.0
  resolution: "wrap-ansi@npm:10.0.0"
  dependencies:
    ansi-styles: "npm:^6.2.3"
    string-width: "npm:^8.2.0"
    strip-ansi: "npm:^7.1.2"
  checksum: 10/b9ac5290e2c5b88cba928b72fbc04e4bb7196cebde1522eeb82a56b1e32c2e706a20169d305c182fe7e4b31100cb05bb1d98dc2747a4a98700ac44303b3ac2ce
  languageName: node
  linkType: hard

"wrap-ansi@npm:^9.0.0":
  version: 9.0.2
  resolution: "wrap-ansi@npm:9.0.2"
  dependencies:
    ansi-styles: "npm:^6.2.1"
    string-width: "npm:^7.0.0"
    strip-ansi: "npm:^7.1.0"
  checksum: 10/f3907e1ea9717404ca53a338fa5a017c2121550c3a5305180e2bc08c03e21aa45068df55b0d7676bf57be1880ba51a84458c17241ebedea485fafa9ef16b4024
  languageName: node
  linkType: hard

"y18n@npm:^5.0.5":
  version: 5.0.8
  resolution: "y18n@npm:5.0.8"
  checksum: 10/5f1b5f95e3775de4514edbb142398a2c37849ccfaf04a015be5d75521e9629d3be29bd4432d23c57f37e5b61ade592fb0197022e9993f81a06a5afbdcda9346d
  languageName: node
  linkType: hard

"yaml@npm:^2.9.0":
  version: 2.9.0
  resolution: "yaml@npm:2.9.0"
  bin:
    yaml: bin.mjs
  checksum: 10/9a95e8e08651c3d292ab6a5befeb5f57b76801caa097c75bb45c9a70ce19c1b11f57e87a6ef84a579ea070ed2c2c8ac541c88c0ae684d544d5f42c7e77d11b7b
  languageName: node
  linkType: hard

"yargs-parser@npm:^22.0.0":
  version: 22.0.0
  resolution: "yargs-parser@npm:22.0.0"
  checksum: 10/f13c42bad6ebed1a587a72f2db5694f5fa772bcaf409a701691d13cf74eb5adfcf61a2611de08807e319b829d3e5e6e1578b16ebe174cae8e8be3bf7b8e7a19e
  languageName: node
  linkType: hard

"yargs@npm:^18.0.0":
  version: 18.0.0
  resolution: "yargs@npm:18.0.0"
  dependencies:
    cliui: "npm:^9.0.1"
    escalade: "npm:^3.1.1"
    get-caller-file: "npm:^2.0.5"
    string-width: "npm:^7.2.0"
    y18n: "npm:^5.0.5"
    yargs-parser: "npm:^22.0.0"
  checksum: 10/5af36234871390386b31cac99f00e79fcbc2ead858a61b30a8ca381c5fde5df8af0b407c36b000d3f774bcbe4aec5833f2f1c915f6ddc49ce97b78176b651801
  languageName: node
  linkType: hard
